
Microsoft Visual Studio Solution File, Format Version 12.00
# Visual Studio Version 16
VisualStudioVersion = 16.0.30011.22
MinimumVisualStudioVersion = 10.0.40219.1
Project("{FAE04EC0-301F-11D3-BF4B-00C04F79EFBC}") = "kameded", "kameded.csproj", "{E0BEFDD6-1B66-4FF8-9401-9913BD2D16FD}"
EndProject
Global
	GlobalSection(SolutionConfigurationPlatforms) = preSolution
		Debug|Any CPU = Debug|Any CPU
		Release|Any CPU = Release|Any CPU
	EndGlobalSection
	GlobalSection(ProjectConfigurationPlatforms) = postSolution
		{E0BEFDD6-1B66-4FF8-9401-9913BD2D16FD}.Debug|Any CPU.ActiveCfg = Debug|Any CPU
		{E0BEFDD6-1B66-4FF8-9401-9913BD2D16FD}.Debug|Any CPU.Build.0 = Debug|Any CPU
		{E0BEFDD6-1B66-4FF8-9401-9913BD2D16FD}.Release|Any CPU.ActiveCfg = Release|Any CPU
		{E0BEFDD6-1B66-4FF8-9401-9913BD2D16FD}.Release|Any CPU.Build.0 = Release|Any CPU
	EndGlobalSection
	GlobalSection(SolutionProperties) = preSolution
		HideSolutionNode = FALSE
	EndGlobalSection
	GlobalSection(ExtensibilityGlobals) = postSolution
		SolutionGuid = {58823A9D-5F3A-429B-9340-F7AC70B43509}
	EndGlobalSection
EndGlobal
